// !$*UTF8*$!
{
	archiveVersion = 1;
	classes = {
	};
	objectVersion = 55;
	objects = {

/* Begin PBXBuildFile section */
		0D4670FC2762773E0091ED69 /* ContentViewer.swift in Sources */ = {isa = PBXBuildFile; fileRef = 0D4670FB2762773E0091ED69 /* ContentViewer.swift */; };
		0D4670FD2762773E0091ED69 /* ContentViewer.swift in Sources */ = {isa = PBXBuildFile; fileRef = 0D4670FB2762773E0091ED69 /* ContentViewer.swift */; };
		0DA8C047275EAB1400A0F86D /* War_Game_Demo_App.swift in Sources */ = {isa = PBXBuildFile; fileRef = 0DA8C037275EAB1300A0F86D /* War_Game_Demo_App.swift */; };
		0DA8C048275EAB1400A0F86D /* War_Game_Demo_App.swift in Sources */ = {isa = PBXBuildFile; fileRef = 0DA8C037275EAB1300A0F86D /* War_Game_Demo_App.swift */; };
		0DA8C049275EAB1400A0F86D /* ContentView.swift in Sources */ = {isa = PBXBuildFile; fileRef = 0DA8C038275EAB1300A0F86D /* ContentView.swift */; };
		0DA8C04A275EAB1400A0F86D /* ContentView.swift in Sources */ = {isa = PBXBuildFile; fileRef = 0DA8C038275EAB1300A0F86D /* ContentView.swift */; };
		0DA8C04B275EAB1400A0F86D /* Assets.xcassets in Resources */ = {isa = PBXBuildFile; fileRef = 0DA8C039275EAB1400A0F86D /* Assets.xcassets */; };
		0DA8C04C275EAB1400A0F86D /* Assets.xcassets in Resources */ = {isa = PBXBuildFile; fileRef = 0DA8C039275EAB1400A0F86D /* Assets.xcassets */; };
/* End PBXBuildFile section */

/* Begin PBXFileReference section */
		0D4670FB2762773E0091ED69 /* ContentViewer.swift */ = {isa = PBXFileReference; lastKnownFileType = sourcecode.swift; path = ContentViewer.swift; sourceTree = "<group>"; };
		0DA8C037275EAB1300A0F86D /* War_Game_Demo_App.swift */ = {isa = PBXFileReference; lastKnownFileType = sourcecode.swift; path = War_Game_Demo_App.swift; sourceTree = "<group>"; };
		0DA8C038275EAB1300A0F86D /* ContentView.swift */ = {isa = PBXFileReference; lastKnownFileType = sourcecode.swift; path = ContentView.swift; sourceTree = "<group>"; };
		0DA8C039275EAB1400A0F86D /* Assets.xcassets */ = {isa = PBXFileReference; lastKnownFileType = folder.assetcatalog; path = Assets.xcassets; sourceTree = "<group>"; };
		0DA8C03E275EAB1400A0F86D /* War_Game_Demo_App.app */ = {isa = PBXFileReference; explicitFileType = wrapper.application; includeInIndex = 0; path = War_Game_Demo_App.app; sourceTree = BUILT_PRODUCTS_DIR; };
		0DA8C044275EAB1400A0F86D /* War_Game_Demo_App.app */ = {isa = PBXFileReference; explicitFileType = wrapper.application; includeInIndex = 0; path = War_Game_Demo_App.app; sourceTree = BUILT_PRODUCTS_DIR; };
		0DA8C046275EAB1400A0F86D /* macOS.entitlements */ = {isa = PBXFileReference; lastKnownFileType = text.plist.entitlements; path = macOS.entitlements; sourceTree = "<group>"; };
/* End PBXFileReference section */

/* Begin PBXFrameworksBuildPhase section */
		0DA8C03B275EAB1400A0F86D /* Frameworks */ = {
			isa = PBXFrameworksBuildPhase;
			buildActionMask = 2147483647;
			files = (
			);
			runOnlyForDeploymentPostprocessing = 0;
		};
		0DA8C041275EAB1400A0F86D /* Frameworks */ = {
			isa = PBXFrameworksBuildPhase;
			buildActionMask = 2147483647;
			files = (
			);
			runOnlyForDeploymentPostprocessing = 0;
		};
/* End PBXFrameworksBuildPhase section */

/* Begin PBXGroup section */
		0DA8C031275EAB1300A0F86D = {
			isa = PBXGroup;
			children = (
				0DA8C036275EAB1300A0F86D /* Shared */,
				0DA8C045275EAB1400A0F86D /* macOS */,
				0DA8C03F275EAB1400A0F86D /* Products */,
			);
			sourceTree = "<group>";
		};
		0DA8C036275EAB1300A0F86D /* Shared */ = {
			isa = PBXGroup;
			children = (
				0DA8C037275EAB1300A0F86D /* War_Game_Demo_App.swift */,
				0DA8C038275EAB1300A0F86D /* ContentView.swift */,
				0D4670FB2762773E0091ED69 /* ContentViewer.swift */,
				0DA8C039275EAB1400A0F86D /* Assets.xcassets */,
			);
			path = Shared;
			sourceTree = "<group>";
		};
		0DA8C03F275EAB1400A0F86D /* Products */ = {
			isa = PBXGroup;
			children = (
				0DA8C03E275EAB1400A0F86D /* War_Game_Demo_App.app */,
				0DA8C044275EAB1400A0F86D /* War_Game_Demo_App.app */,
			);
			name = Products;
			sourceTree = "<group>";
		};
		0DA8C045275EAB1400A0F86D /* macOS */ = {
			isa = PBXGroup;
			children = (
				0DA8C046275EAB1400A0F86D /* macOS.entitlements */,
			);
			path = macOS;
			sourceTree = "<group>";
		};
/* End PBXGroup section */

/* Begin PBXNativeTarget section */
		0DA8C03D275EAB1400A0F86D /* War_Game_Demo_App (iOS) */ = {
			isa = PBXNativeTarget;
			buildConfigurationList = 0DA8C04F275EAB1400A0F86D /* Build configuration list for PBXNativeTarget "War_Game_Demo_App (iOS)" */;
			buildPhases = (
				0DA8C03A275EAB1400A0F86D /* Sources */,
				0DA8C03B275EAB1400A0F86D /* Frameworks */,
				0DA8C03C275EAB1400A0F86D /* Resources */,
			);
			buildRules = (
			);
			dependencies = (
			);
			name = "War_Game_Demo_App (iOS)";
			productName = "Demo (iOS)";
			productReference = 0DA8C03E275EAB1400A0F86D /* War_Game_Demo_App.app */;
			productType = "com.apple.product-type.application";
		};
		0DA8C043275EAB1400A0F86D /* War_Game_Demo_App (macOS) */ = {
			isa = PBXNativeTarget;
			buildConfigurationList = 0DA8C052275EAB1400A0F86D /* Build configuration list for PBXNativeTarget "War_Game_Demo_App (macOS)" */;
			buildPhases = (
				0DA8C040275EAB1400A0F86D /* Sources */,
				0DA8C041275EAB1400A0F86D /* Frameworks */,
				0DA8C042275EAB1400A0F86D /* Resources */,
			);
			buildRules = (
			);
			dependencies = (
			);
			name = "War_Game_Demo_App (macOS)";
			productName = "Demo (macOS)";
			productReference = 0DA8C044275EAB1400A0F86D /* War_Game_Demo_App.app */;
			productType = "com.apple.product-type.application";
		};
/* End PBXNativeTarget section */

/* Begin PBXProject section */
		0DA8C032275EAB1300A0F86D /* Project object */ = {
			isa = PBXProject;
			attributes = {
				BuildIndependentTargetsInParallel = 1;
				LastSwiftUpdateCheck = 1310;
				LastUpgradeCheck = 1310;
				TargetAttributes = {
					0DA8C03D275EAB1400A0F86D = {
						CreatedOnToolsVersion = 13.1;
					};
					0DA8C043275EAB1400A0F86D = {
						CreatedOnToolsVersion = 13.1;
					};
				};
			};
			buildConfigurationList = 0DA8C035275EAB1300A0F86D /* Build configuration list for PBXProject "War_Game_Demo_App" */;
			compatibilityVersion = "Xcode 13.0";
			developmentRegion = en;
			hasScannedForEncodings = 0;
			knownRegions = (
				en,
				Base,
			);
			mainGroup = 0DA8C031275EAB1300A0F86D;
			productRefGroup = 0DA8C03F275EAB1400A0F86D /* Products */;
			projectDirPath = "";
			projectRoot = "";
			targets = (
				0DA8C03D275EAB1400A0F86D /* War_Game_Demo_App (iOS) */,
				0DA8C043275EAB1400A0F86D /* War_Game_Demo_App (macOS) */,
			);
		};
/* End PBXProject section */

/* Begin PBXResourcesBuildPhase section */
		0DA8C03C275EAB1400A0F86D /* Resources */ = {
			isa = PBXResourcesBuildPhase;
			buildActionMask = 2147483647;
			files = (
				0DA8C04B275EAB1400A0F86D /* Assets.xcassets in Resources */,
			);
			runOnlyForDeploymentPostprocessing = 0;
		};
		0DA8C042275EAB1400A0F86D /* Resources */ = {
			isa = PBXResourcesBuildPhase;
			buildActionMask = 2147483647;
			files = (
				0DA8C04C275EAB1400A0F86D /* Assets.xcassets in Resources */,
			);
			runOnlyForDeploymentPostprocessing = 0;
		};
/* End PBXResourcesBuildPhase section */

/* Begin PBXSourcesBuildPhase section */
		0DA8C03A275EAB1400A0F86D /* Sources */ = {
			isa = PBXSourcesBuildPhase;
			buildActionMask = 2147483647;
			files = (
				0DA8C049275EAB1400A0F86D /* ContentView.swift in Sources */,
				0D4670FC2762773E0091ED69 /* ContentViewer.swift in Sources */,
				0DA8C047275EAB1400A0F86D /* War_Game_Demo_App.swift in Sources */,
			);
			runOnlyForDeploymentPostprocessing = 0;
		};
		0DA8C040275EAB1400A0F86D /* Sources */ = {
			isa = PBXSourcesBuildPhase;
			buildActionMask = 2147483647;
			files = (
				0DA8C04A275EAB1400A0F86D /* ContentView.swift in Sources */,
				0D4670FD2762773E0091ED69 /* ContentViewer.swift in Sources */,
				0DA8C048275EAB1400A0F86D /* War_Game_Demo_App.swift in Sources */,
			);
			runOnlyForDeploymentPostprocessing = 0;
		};
/* End PBXSourcesBuildPhase section */

/* Begin XCBuildConfiguration section */
		0DA8C04D275EAB1400A0F86D /* Debug */ = {
			isa = XCBuildConfiguration;
			buildSettings = {
				ALWAYS_SEARCH_USER_PATHS = NO;
				CLANG_ANALYZER_NONNULL = YES;
				CLANG_ANALYZER_NUMBER_OBJECT_CONVERSION = YES_AGGRESSIVE;
				CLANG_CXX_LANGUAGE_STANDARD = "gnu++17";
				CLANG_CXX_LIBRARY = "libc++";
				CLANG_ENABLE_MODULES = YES;
				CLANG_ENABLE_OBJC_ARC = YES;
				CLANG_ENABLE_OBJC_WEAK = YES;
				CLANG_WARN_BLOCK_CAPTURE_AUTORELEASING = YES;
				CLANG_WARN_BOOL_CONVERSION = YES;
				CLANG_WARN_COMMA = YES;
				CLANG_WARN_CONSTANT_CONVERSION = YES;
				CLANG_WARN_DEPRECATED_OBJC_IMPLEMENTATIONS = YES;
				CLANG_WARN_DIRECT_OBJC_ISA_USAGE = YES_ERROR;
				CLANG_WARN_DOCUMENTATION_COMMENTS = YES;
				CLANG_WARN_EMPTY_BODY = YES;
				CLANG_WARN_ENUM_CONVERSION = YES;
				CLANG_WARN_INFINITE_RECURSION = YES;
				CLANG_WARN_INT_CONVERSION = YES;
				CLANG_WARN_NON_LITERAL_NULL_CONVERSION = YES;
				CLANG_WARN_OBJC_IMPLICIT_RETAIN_SELF = YES;
				CLANG_WARN_OBJC_LITERAL_CONVERSION = YES;
				CLANG_WARN_OBJC_ROOT_CLASS = YES_ERROR;
				CLANG_WARN_QUOTED_INCLUDE_IN_FRAMEWORK_HEADER = YES;
				CLANG_WARN_RANGE_LOOP_ANALYSIS = YES;
				CLANG_WARN_STRICT_PROTOTYPES = YES;
				CLANG_WARN_SUSPICIOUS_MOVE = YES;
				CLANG_WARN_UNGUARDED_AVAILABILITY = YES_AGGRESSIVE;
				CLANG_WARN_UNREACHABLE_CODE = YES;
				CLANG_WARN__DUPLICATE_METHOD_MATCH = YES;
				COPY_PHASE_STRIP = NO;
				DEBUG_INFORMATION_FORMAT = dwarf;
				ENABLE_STRICT_OBJC_MSGSEND = YES;
				ENABLE_TESTABILITY = YES;
				GCC_C_LANGUAGE_STANDARD = gnu11;
				GCC_DYNAMIC_NO_PIC = NO;
				GCC_NO_COMMON_BLOCKS = YES;
				GCC_OPTIMIZATION_LEVEL = 0;
				GCC_PREPROCESSOR_DEFINITIONS = (
					"DEBUG=1",
					"$(inherited)",
				);
				GCC_WARN_64_TO_32_BIT_CONVERSION = YES;
				GCC_WARN_ABOUT_RETURN_TYPE = YES_ERROR;
				GCC_WARN_UNDECLARED_SELECTOR = YES;
				GCC_WARN_UNINITIALIZED_AUTOS = YES_AGGRESSIVE;
				GCC_WARN_UNUSED_FUNCTION = YES;
				GCC_WARN_UNUSED_VARIABLE = YES;
				MTL_ENABLE_DEBUG_INFO = INCLUDE_SOURCE;
				MTL_FAST_MATH = YES;
				ONLY_ACTIVE_ARCH = YES;
				SWIFT_ACTIVE_COMPILATION_CONDITIONS = DEBUG;
				SWIFT_OPTIMIZATION_LEVEL = "-Onone";
			};
			name = Debug;
		};
		0DA8C04E275EAB1400A0F86D /* Release */ = {
			isa = XCBuildConfiguration;
			buildSettings = {
				ALWAYS_SEARCH_USER_PATHS = NO;
				CLANG_ANALYZER_NONNULL = YES;
				CLANG_ANALYZER_NUMBER_OBJECT_CONVERSION = YES_AGGRESSIVE;
				CLANG_CXX_LANGUAGE_STANDARD = "gnu++17";
				CLANG_CXX_LIBRARY = "libc++";
				CLANG_ENABLE_MODULES = YES;
				CLANG_ENABLE_OBJC_ARC = YES;
				CLANG_ENABLE_OBJC_WEAK = YES;
				CLANG_WARN_BLOCK_CAPTURE_AUTORELEASING = YES;
				CLANG_WARN_BOOL_CONVERSION = YES;
				CLANG_WARN_COMMA = YES;
				CLANG_WARN_CONSTANT_CONVERSION = YES;
				CLANG_WARN_DEPRECATED_OBJC_IMPLEMENTATIONS = YES;
				CLANG_WARN_DIRECT_OBJC_ISA_USAGE = YES_ERROR;
				CLANG_WARN_DOCUMENTATION_COMMENTS = YES;
				CLANG_WARN_EMPTY_BODY = YES;
				CLANG_WARN_ENUM_CONVERSION = YES;
				CLANG_WARN_INFINITE_RECURSION = YES;
				CLANG_WARN_INT_CONVERSION = YES;
				CLANG_WARN_NON_LITERAL_NULL_CONVERSION = YES;
				CLANG_WARN_OBJC_IMPLICIT_RETAIN_SELF = YES;
				CLANG_WARN_OBJC_LITERAL_CONVERSION = YES;
				CLANG_WARN_OBJC_ROOT_CLASS = YES_ERROR;
				CLANG_WARN_QUOTED_INCLUDE_IN_FRAMEWORK_HEADER = YES;
				CLANG_WARN_RANGE_LOOP_ANALYSIS = YES;
				CLANG_WARN_STRICT_PROTOTYPES = YES;
				CLANG_WARN_SUSPICIOUS_MOVE = YES;
				CLANG_WARN_UNGUARDED_AVAILABILITY = YES_AGGRESSIVE;
				CLANG_WARN_UNREACHABLE_CODE = YES;
				CLANG_WARN__DUPLICATE_METHOD_MATCH = YES;
				COPY_PHASE_STRIP = NO;
				DEBUG_INFORMATION_FORMAT = "dwarf-with-dsym";
				ENABLE_NS_ASSERTIONS = NO;
				ENABLE_STRICT_OBJC_MSGSEND = YES;
				GCC_C_LANGUAGE_STANDARD = gnu11;
				GCC_NO_COMMON_BLOCKS = YES;
				GCC_WARN_64_TO_32_BIT_CONVERSION = YES;
				GCC_WARN_ABOUT_RETURN_TYPE = YES_ERROR;
				GCC_WARN_UNDECLARED_SELECTOR = YES;
				GCC_WARN_UNINITIALIZED_AUTOS = YES_AGGRESSIVE;
				GCC_WARN_UNUSED_FUNCTION = YES;
				GCC_WARN_UNUSED_VARIABLE = YES;
				MTL_ENABLE_DEBUG_INFO = NO;
				MTL_FAST_MATH = YES;
				SWIFT_COMPILATION_MODE = wholemodule;
				SWIFT_OPTIMIZATION_LEVEL = "-O";
			};
			name = Release;
		};
		0DA8C050275EAB1400A0F86D /* Debug */ = {
			isa = XCBuildConfiguration;
			buildSettings = {
				ASSETCATALOG_COMPILER_APPICON_NAME = AppIcon;
				ASSETCATALOG_COMPILER_GLOBAL_ACCENT_COLOR_NAME = AccentColor;
				CODE_SIGN_STYLE = Automatic;
				CURRENT_PROJECT_VERSION = 1;
				ENABLE_PREVIEWS = YES;
				GENERATE_INFOPLIST_FILE = YES;
				INFOPLIST_KEY_UIApplicationSceneManifest_Generation = YES;
				INFOPLIST_KEY_UIApplicationSupportsIndirectInputEvents = YES;
				INFOPLIST_KEY_UILaunchScreen_Generation = YES;
				INFOPLIST_KEY_UISupportedInterfaceOrientations_iPad = "UIInterfaceOrientationPortrait UIInterfaceOrientationPortraitUpsideDown UIInterfaceOrientationLandscapeLeft UIInterfaceOrientationLandscapeRight";
				INFOPLIST_KEY_UISupportedInterfaceOrientations_iPhone = "UIInterfaceOrientationPortrait UIInterfaceOrientationLandscapeLeft UIInterfaceOrientationLandscapeRight";
				IPHONEOS_DEPLOYMENT_TARGET = 15.0;
				LD_RUNPATH_SEARCH_PATHS = (
					"$(inherited)",
					"@executable_path/Frameworks",
				);
				MARKETING_VERSION = 1.0;
				PRODUCT_BUNDLE_IDENTIFIER = com.lopezscript.Demo;
				PRODUCT_NAME = War_Game_Demo_App;
				SDKROOT = iphoneos;
				SWIFT_EMIT_LOC_STRINGS = YES;
				SWIFT_VERSION = 5.0;
				TARGETED_DEVICE_FAMILY = "1,2";
			};
			name = Debug;
		};
		0DA8C051275EAB1400A0F86D /* Release */ = {
			isa = XCBuildConfiguration;
			buildSettings = {
				ASSETCATALOG_COMPILER_APPICON_NAME = AppIcon;
				ASSETCATALOG_COMPILER_GLOBAL_ACCENT_COLOR_NAME = AccentColor;
				CODE_SIGN_STYLE = Automatic;
				CURRENT_PROJECT_VERSION = 1;
				ENABLE_PREVIEWS = YES;
				GENERATE_INFOPLIST_FILE = YES;
				INFOPLIST_KEY_UIApplicationSceneManifest_Generation = YES;
				INFOPLIST_KEY_UIApplicationSupportsIndirectInputEvents = YES;
				INFOPLIST_KEY_UILaunchScreen_Generation = YES;
				INFOPLIST_KEY_UISupportedInterfaceOrientations_iPad = "UIInterfaceOrientationPortrait UIInterfaceOrientationPortraitUpsideDown UIInterfaceOrientationLandscapeLeft UIInterfaceOrientationLandscapeRight";
				INFOPLIST_KEY_UISupportedInterfaceOrientations_iPhone = "UIInterfaceOrientationPortrait UIInterfaceOrientationLandscapeLeft UIInterfaceOrientationLandscapeRight";
				IPHONEOS_DEPLOYMENT_TARGET = 15.0;
				LD_RUNPATH_SEARCH_PATHS = (
					"$(inherited)",
					"@executable_path/Frameworks",
				);
				MARKETING_VERSION = 1.0;
				PRODUCT_BUNDLE_IDENTIFIER = com.lopezscript.Demo;
				PRODUCT_NAME = War_Game_Demo_App;
				SDKROOT = iphoneos;
				SWIFT_EMIT_LOC_STRINGS = YES;
				SWIFT_VERSION = 5.0;
				TARGETED_DEVICE_FAMILY = "1,2";
				VALIDATE_PRODUCT = YES;
			};
			name = Release;
		};
		0DA8C053275EAB1400A0F86D /* Debug */ = {
			isa = XCBuildConfiguration;
			buildSettings = {
				ASSETCATALOG_COMPILER_APPICON_NAME = AppIcon;
				ASSETCATALOG_COMPILER_GLOBAL_ACCENT_COLOR_NAME = AccentColor;
				CODE_SIGN_ENTITLEMENTS = macOS/macOS.entitlements;
				CODE_SIGN_STYLE = Automatic;
				COMBINE_HIDPI_IMAGES = YES;
				CURRENT_PROJECT_VERSION = 1;
				ENABLE_PREVIEWS = YES;
				GENERATE_INFOPLIST_FILE = YES;
				INFOPLIST_KEY_NSHumanReadableCopyright = "";
				LD_RUNPATH_SEARCH_PATHS = (
					"$(inherited)",
					"@executable_path/../Frameworks",
				);
				MACOSX_DEPLOYMENT_TARGET = 12.0;
				MARKETING_VERSION = 1.0;
				PRODUCT_BUNDLE_IDENTIFIER = com.lopezscript.Demo;
				PRODUCT_NAME = War_Game_Demo_App;
				SDKROOT = macosx;
				SWIFT_EMIT_LOC_STRINGS = YES;
				SWIFT_VERSION = 5.0;
			};
			name = Debug;
		};
		0DA8C054275EAB1400A0F86D /* Release */ = {
			isa = XCBuildConfiguration;
			buildSettings = {
				ASSETCATALOG_COMPILER_APPICON_NAME = AppIcon;
				ASSETCATALOG_COMPILER_GLOBAL_ACCENT_COLOR_NAME = AccentColor;
				CODE_SIGN_ENTITLEMENTS = macOS/macOS.entitlements;
				CODE_SIGN_STYLE = Automatic;
				COMBINE_HIDPI_IMAGES = YES;
				CURRENT_PROJECT_VERSION = 1;
				ENABLE_PREVIEWS = YES;
				GENERATE_INFOPLIST_FILE = YES;
				INFOPLIST_KEY_NSHumanReadableCopyright = "";
				LD_RUNPATH_SEARCH_PATHS = (
					"$(inherited)",
					"@executable_path/../Frameworks",
				);
				MACOSX_DEPLOYMENT_TARGET = 12.0;
				MARKETING_VERSION = 1.0;
				PRODUCT_BUNDLE_IDENTIFIER = com.lopezscript.Demo;
				PRODUCT_NAME = War_Game_Demo_App;
				SDKROOT = macosx;
				SWIFT_EMIT_LOC_STRINGS = YES;
				SWIFT_VERSION = 5.0;
			};
			name = Release;
		};
/* End XCBuildConfiguration section */

/* Begin XCConfigurationList section */
		0DA8C035275EAB1300A0F86D /* Build configuration list for PBXProject "War_Game_Demo_App" */ = {
			isa = XCConfigurationList;
			buildConfigurations = (
				0DA8C04D275EAB1400A0F86D /* Debug */,
				0DA8C04E275EAB1400A0F86D /* Release */,
			);
			defaultConfigurationIsVisible = 0;
			defaultConfigurationName = Release;
		};
		0DA8C04F275EAB1400A0F86D /* Build configuration list for PBXNativeTarget "War_Game_Demo_App (iOS)" */ = {
			isa = XCConfigurationList;
			buildConfigurations = (
				0DA8C050275EAB1400A0F86D /* Debug */,
				0DA8C051275EAB1400A0F86D /* Release */,
			);
			defaultConfigurationIsVisible = 0;
			defaultConfigurationName = Release;
		};
		0DA8C052275EAB1400A0F86D /* Build configuration list for PBXNativeTarget "War_Game_Demo_App (macOS)" */ = {
			isa = XCConfigurationList;
			buildConfigurations = (
				0DA8C053275EAB1400A0F86D /* Debug */,
				0DA8C054275EAB1400A0F86D /* Release */,
			);
			defaultConfigurationIsVisible = 0;
			defaultConfigurationName = Release;
		};
/* End XCConfigurationList section */
	};
	rootObject = 0DA8C032275EAB1300A0F86D /* Project object */;
}
